
Microsoft Visual Studio Solution File, Format Version 12.00
# Visual Studio Version 17
VisualStudioVersion = 17.9.34622.214
MinimumVisualStudioVersion = 10.0.40219.1
Project("{FAE04EC0-301F-11D3-BF4B-00C04F79EFBC}") = "POEPART2", "POEPART2\POEPART2.csproj", "{699506F0-9D43-47EA-B0A8-E0CF90F3B0F7}"
EndProject
Global
	GlobalSection(SolutionConfigurationPlatforms) = preSolution
		Debug|Any CPU = Debug|Any CPU
		Release|Any CPU = Release|Any CPU
	EndGlobalSection
	GlobalSection(ProjectConfigurationPlatforms) = postSolution
		{699506F0-9D43-47EA-B0A8-E0CF90F3B0F7}.Debug|Any CPU.ActiveCfg = Debug|Any CPU
		{699506F0-9D43-47EA-B0A8-E0CF90F3B0F7}.Debug|Any CPU.Build.0 = Debug|Any CPU
		{699506F0-9D43-47EA-B0A8-E0CF90F3B0F7}.Release|Any CPU.ActiveCfg = Release|Any CPU
		{699506F0-9D43-47EA-B0A8-E0CF90F3B0F7}.Release|Any CPU.Build.0 = Release|Any CPU
	EndGlobalSection
	GlobalSection(SolutionProperties) = preSolution
		HideSolutionNode = FALSE
	EndGlobalSection
	GlobalSection(ExtensibilityGlobals) = postSolution
		SolutionGuid = {E1233C9D-63E1-47F0-BE4E-05811126D8A7}
	EndGlobalSection
EndGlobal
